{
  "version": 4,
  "terraform_version": "1.3.7",
  "serial": 89,
  "lineage": "2839fbeb-6a89-a402-59cc-cd1a7af2732e",
  "outputs": {},
  "resources": [
    {
      "mode": "managed",
      "type": "digitalocean_droplet",
      "name": "cityhunter-main-server",
      "provider": "provider[\"registry.terraform.io/digitalocean/digitalocean\"]",
      "instances": [
        {
          "schema_version": 1,
          "attributes": {
            "backups": false,
            "created_at": "2023-03-02T16:21:08Z",
            "disk": 80,
            "droplet_agent": null,
            "graceful_shutdown": false,
            "id": "343465665",
            "image": "ubuntu-22-10-x64",
            "ipv4_address": "164.90.169.25",
            "ipv4_address_private": "10.114.0.2",
            "ipv6": false,
            "ipv6_address": "",
            "locked": false,
            "memory": 4096,
            "monitoring": false,
            "name": "cityhunter-main",
            "price_hourly": 0.03571,
            "price_monthly": 24,
            "private_networking": true,
            "region": "fra1",
            "resize_disk": true,
            "size": "s-2vcpu-4gb",
            "ssh_keys": [
              "1a:86:43:c5:33:5d:cc:fb:f4:d1:1b:fd:19:22:11:9a"
            ],
            "status": "active",
            "tags": null,
            "timeouts": null,
            "urn": "do:droplet:343465665",
            "user_data": null,
            "vcpus": 2,
            "volume_ids": [],
            "vpc_uuid": "3820f12e-9284-42e9-9ef8-5a145146c17c"
          },
          "sensitive_attributes": [],
          "private": "eyJlMmJmYjczMC1lY2FhLTExZTYtOGY4OC0zNDM2M2JjN2M0YzAiOnsiY3JlYXRlIjozNjAwMDAwMDAwMDAwLCJkZWxldGUiOjYwMDAwMDAwMDAwLCJ1cGRhdGUiOjM2MDAwMDAwMDAwMDB9LCJzY2hlbWFfdmVyc2lvbiI6IjEifQ==",
          "dependencies": [
            "digitalocean_ssh_key.khalil-public-key"
          ]
        }
      ]
    },
    {
      "mode": "managed",
      "type": "digitalocean_reserved_ip",
      "name": "city_reservedIP",
      "provider": "provider[\"registry.terraform.io/digitalocean/digitalocean\"]",
      "instances": [
        {
          "schema_version": 0,
          "attributes": {
            "droplet_id": 343465665,
            "id": "157.245.26.198",
            "ip_address": "157.245.26.198",
            "region": "fra1",
            "urn": "do:reservedip:157.245.26.198"
          },
          "sensitive_attributes": [],
          "private": "bnVsbA==",
          "dependencies": [
            "digitalocean_droplet.cityhunter-main-server",
            "digitalocean_ssh_key.khalil-public-key"
          ]
        }
      ]
    },
    {
      "mode": "managed",
      "type": "digitalocean_ssh_key",
      "name": "khalil-public-key",
      "provider": "provider[\"registry.terraform.io/digitalocean/digitalocean\"]",
      "instances": [
        {
          "schema_version": 0,
          "attributes": {
            "fingerprint": "1a:86:43:c5:33:5d:cc:fb:f4:d1:1b:fd:19:22:11:9a",
            "id": "37675499",
            "name": "khalil-public id",
            "public_key": "ssh-rsa AAAAB3NzaC1yc2EAAAADAQABAAABgQCsjJPUZtMHkUO3DgvCK3qHJZ7AewrE/tiJdqfGs5wY89Um3TYgtSWhSMOVIq+E72GZR66797Vd9vggMJNc0vK1jFUGMQITEZBTpFgYxvnGxxa2lA6bwg7+dppnB+xPIABzzZKns3Lf7uqu1SJicSLDZiQ28C2/AJ2toXtV3uTNUveyOlEo5URBdW3EYp04dLuXuOIrbwVJ6zaBSMuGdqqqzUNVOXtM/nKYByvSk1IQmLpCo/tl6BLrUqVPOdNCQ02I1XhpV2kZzao7ocbn5sLKfqM7AEBVKoiok3e6iKLi0mnUoLHzcAM12MUD6bENz9EuI3414xrdpfSor+HeBaOdHtRaYHU/huMSQp0J1TVSz/G8x90qddpg4Oc7uSIvy0u8pCA4vtyUnbvugKNNxmJ4DCvl5F7iukVpXcRz3Ljq4sXejUOdq50vBjTn+UE7t/DRiYq2S5pFOzyUQTRsHN2YoQARl5iyO8k/sOHGF3+vSBb/KYThsTiOo1sl7AkzZO0= hunter-ops@MBP-de-Khalil.lan"
          },
          "sensitive_attributes": [],
          "private": "bnVsbA=="
        }
      ]
    }
  ],
  "check_results": null
}
